
Microsoft Visual Studio Solution File, Format Version 12.00
# Visual Studio Version 16
VisualStudioVersion = 16.0.31105.61
MinimumVisualStudioVersion = 10.0.40219.1
Project("{FAE04EC0-301F-11D3-BF4B-00C04F79EFBC}") = "QuanLyCuaHang", "QuanLyCuaHang\QuanLyCuaHang.csproj", "{BFC3A6C0-A703-40B5-ABBC-05DC91CD12AD}"
EndProject
Global
	GlobalSection(SolutionConfigurationPlatforms) = preSolution
		Debug|Any CPU = Debug|Any CPU
		Release|Any CPU = Release|Any CPU
	EndGlobalSection
	GlobalSection(ProjectConfigurationPlatforms) = postSolution
		{BFC3A6C0-A703-40B5-ABBC-05DC91CD12AD}.Debug|Any CPU.ActiveCfg = Debug|Any CPU
		{BFC3A6C0-A703-40B5-ABBC-05DC91CD12AD}.Debug|Any CPU.Build.0 = Debug|Any CPU
		{BFC3A6C0-A703-40B5-ABBC-05DC91CD12AD}.Release|Any CPU.ActiveCfg = Release|Any CPU
		{BFC3A6C0-A703-40B5-ABBC-05DC91CD12AD}.Release|Any CPU.Build.0 = Release|Any CPU
	EndGlobalSection
	GlobalSection(SolutionProperties) = preSolution
		HideSolutionNode = FALSE
	EndGlobalSection
	GlobalSection(ExtensibilityGlobals) = postSolution
		SolutionGuid = {CAE861D5-1BF4-4D12-85BA-9DA0F0D9EB92}
	EndGlobalSection
EndGlobal
